
Microsoft Visual Studio Solution File, Format Version 12.00
# Visual Studio Version 17
VisualStudioVersion = 17.0.31903.59
MinimumVisualStudioVersion = 10.0.40219.1
Project("{9A19103F-16F7-4668-BE54-9A1E7A4F7556}") = "Api", "Api\Api.csproj", "{51D97329-6148-470D-A7B7-BC3D540610C9}"
EndProject
Project("{9A19103F-16F7-4668-BE54-9A1E7A4F7556}") = "DAL", "DAL\DAL.csproj", "{09684FBE-095F-4B9F-8432-A0069A7807CA}"
EndProject
Project("{9A19103F-16F7-4668-BE54-9A1E7A4F7556}") = "DAL.SQLite.Migrations", "DAL.SQLite.Migrations\DAL.SQLite.Migrations.csproj", "{FD8C3FE4-641B-4AA5-9E0E-A0D90F1F8F60}"
EndProject
Project("{FAE04EC0-301F-11D3-BF4B-00C04F79EFBC}") = "Infrastructure", "Infrastructure\Infrastructure.csproj", "{5E67E660-6E76-4505-8782-9A83F035AE41}"
EndProject
Project("{FAE04EC0-301F-11D3-BF4B-00C04F79EFBC}") = "BusinessLayer", "BusinessLayer\BusinessLayer.csproj", "{7C73B795-461B-4B3B-8357-7E322AF23F84}"
EndProject
Project("{FAE04EC0-301F-11D3-BF4B-00C04F79EFBC}") = "WebMVC", "WebMVC\WebMVC.csproj", "{E992AD46-F7C1-497E-95DD-C41DFB23F048}"
EndProject
Global
	GlobalSection(SolutionConfigurationPlatforms) = preSolution
		Debug|Any CPU = Debug|Any CPU
		Release|Any CPU = Release|Any CPU
	EndGlobalSection
	GlobalSection(ProjectConfigurationPlatforms) = postSolution
		{51D97329-6148-470D-A7B7-BC3D540610C9}.Debug|Any CPU.ActiveCfg = Debug|Any CPU
		{51D97329-6148-470D-A7B7-BC3D540610C9}.Debug|Any CPU.Build.0 = Debug|Any CPU
		{51D97329-6148-470D-A7B7-BC3D540610C9}.Release|Any CPU.ActiveCfg = Release|Any CPU
		{51D97329-6148-470D-A7B7-BC3D540610C9}.Release|Any CPU.Build.0 = Release|Any CPU
		{09684FBE-095F-4B9F-8432-A0069A7807CA}.Debug|Any CPU.ActiveCfg = Debug|Any CPU
		{09684FBE-095F-4B9F-8432-A0069A7807CA}.Debug|Any CPU.Build.0 = Debug|Any CPU
		{09684FBE-095F-4B9F-8432-A0069A7807CA}.Release|Any CPU.ActiveCfg = Release|Any CPU
		{09684FBE-095F-4B9F-8432-A0069A7807CA}.Release|Any CPU.Build.0 = Release|Any CPU
		{FD8C3FE4-641B-4AA5-9E0E-A0D90F1F8F60}.Debug|Any CPU.ActiveCfg = Debug|Any CPU
		{FD8C3FE4-641B-4AA5-9E0E-A0D90F1F8F60}.Debug|Any CPU.Build.0 = Debug|Any CPU
		{FD8C3FE4-641B-4AA5-9E0E-A0D90F1F8F60}.Release|Any CPU.ActiveCfg = Release|Any CPU
		{FD8C3FE4-641B-4AA5-9E0E-A0D90F1F8F60}.Release|Any CPU.Build.0 = Release|Any CPU
		{5E67E660-6E76-4505-8782-9A83F035AE41}.Debug|Any CPU.ActiveCfg = Debug|Any CPU
		{5E67E660-6E76-4505-8782-9A83F035AE41}.Debug|Any CPU.Build.0 = Debug|Any CPU
		{5E67E660-6E76-4505-8782-9A83F035AE41}.Release|Any CPU.ActiveCfg = Release|Any CPU
		{5E67E660-6E76-4505-8782-9A83F035AE41}.Release|Any CPU.Build.0 = Release|Any CPU
		{7C73B795-461B-4B3B-8357-7E322AF23F84}.Debug|Any CPU.ActiveCfg = Debug|Any CPU
		{7C73B795-461B-4B3B-8357-7E322AF23F84}.Debug|Any CPU.Build.0 = Debug|Any CPU
		{7C73B795-461B-4B3B-8357-7E322AF23F84}.Release|Any CPU.ActiveCfg = Release|Any CPU
		{7C73B795-461B-4B3B-8357-7E322AF23F84}.Release|Any CPU.Build.0 = Release|Any CPU
		{E992AD46-F7C1-497E-95DD-C41DFB23F048}.Debug|Any CPU.ActiveCfg = Debug|Any CPU
		{E992AD46-F7C1-497E-95DD-C41DFB23F048}.Debug|Any CPU.Build.0 = Debug|Any CPU
		{E992AD46-F7C1-497E-95DD-C41DFB23F048}.Release|Any CPU.ActiveCfg = Release|Any CPU
		{E992AD46-F7C1-497E-95DD-C41DFB23F048}.Release|Any CPU.Build.0 = Release|Any CPU
	EndGlobalSection
	GlobalSection(SolutionProperties) = preSolution
		HideSolutionNode = FALSE
	EndGlobalSection
	GlobalSection(ExtensibilityGlobals) = postSolution
		SolutionGuid = {2795DBE5-BDFA-4E2B-BFD5-935BB498C963}
	EndGlobalSection
EndGlobal
